<Solution>
  <Project Path="AspireWithBlazorStandalone.AppHost/AspireWithBlazorStandalone.AppHost.csproj" />
  <Project Path="AspireWithBlazorStandalone/AspireWithBlazorStandalone.csproj" />
  <Project Path="AspireWithBlazorStandalone.ClientServiceDefaults/AspireWithBlazorStandalone.ClientServiceDefaults.csproj" />
  <Project Path="AspireWithBlazorStandalone.WeatherApi/AspireWithBlazorStandalone.WeatherApi.csproj" />
  <Project Path="../Playground.ServiceDefaults/Playground.ServiceDefaults.csproj" />
</Solution>
