{
  "name": "aspire-dashboard-assets",
  "lockfileVersion": 3,
  "requires": true,
  "packages": {
    "": {
      "name": "aspire-dashboard-assets",
      "dependencies": {
        "@hex1b/web-terminal": "0.167.0-alpha.1519.1.b8be265"
      }
    },
    "node_modules/@hex1b/web-terminal": {
      "version": "0.167.0-alpha.1519.1.b8be265",
      "resolved": "https://registry.npmjs.org/@hex1b/web-terminal/-/web-terminal-0.167.0-alpha.1519.1.b8be265.tgz",
      "integrity": "sha512-XGQQecWHfu5Z/r4lib5wHI9MlzdhUpkDSdPqCbEDEsmCWlhtE5sK34SOozg4+gMIPXqFc0T523Cpwq8yzcQ73w==",
      "license": "MIT",
      "engines": {
        "node": ">=22"
      }
    }
  }
}
