{
  "name": "aspire-dashboard-assets",
  "lockfileVersion": 3,
  "requires": true,
  "packages": {
    "": {
      "name": "aspire-dashboard-assets",
      "dependencies": {
        "@hex1b/web-terminal": "0.168.0-alpha.1573.1.2917e83"
      }
    },
    "node_modules/@hex1b/web-terminal": {
      "version": "0.168.0-alpha.1573.1.2917e83",
      "resolved": "https://registry.npmjs.org/@hex1b/web-terminal/-/web-terminal-0.168.0-alpha.1573.1.2917e83.tgz",
      "integrity": "sha512-Cpq50P0V7UAhkeCI0AICETum4dDw/EFm7ZduVElBIRzA9eXVuK/9mkpt/xvoNN+3h02MNokxgrY7PIm+Z1E9zg==",
      "license": "MIT",
      "engines": {
        "node": ">=22"
      }
    }
  }
}
