{
  "name": "aspire-dashboard-assets",
  "lockfileVersion": 3,
  "requires": true,
  "packages": {
    "": {
      "name": "aspire-dashboard-assets",
      "dependencies": {
        "@hex1b/web-terminal": "0.168.0-alpha.1585.1.1de7974"
      }
    },
    "node_modules/@hex1b/web-terminal": {
      "version": "0.168.0-alpha.1585.1.1de7974",
      "resolved": "https://registry.npmjs.org/@hex1b/web-terminal/-/web-terminal-0.168.0-alpha.1585.1.1de7974.tgz",
      "integrity": "sha512-9mBe3106v9d3a+ewrSNjKI+z9dhQ99vYJSh2PNovAgp75BTzRUj9o96f1SlsG4go/xAK41uAVhqe6qKKRqgaGg==",
      "license": "MIT",
      "engines": {
        "node": ">=22"
      }
    }
  }
}
